
Microsoft Visual Studio Solution File, Format Version 12.00
# Visual Studio 2013
VisualStudioVersion = 12.0.31101.0
MinimumVisualStudioVersion = 10.0.40219.1
Project("{8BC9CEB8-8B4A-11D0-8D11-00A0C91BC942}") = "SsdSimulator", "SsdSimulator\SsdSimulator.vcxproj", "{4319E739-E9AA-4BE8-864B-66ED84811224}"
EndProject
Project("{8BC9CEB8-8B4A-11D0-8D11-00A0C91BC942}") = "Test", "Test\Test.vcxproj", "{129A2002-0006-4F87-96F3-6307370E0511}"
EndProject
Project("{8BC9CEB8-8B4A-11D0-8D11-00A0C91BC942}") = "ReadingSlot1", "ReadingSlot1\ReadingSlot1.vcxproj", "{DE34893E-B480-426B-8780-FF8530D326E6}"
EndProject
Project("{8BC9CEB8-8B4A-11D0-8D11-00A0C91BC942}") = "ReadingSlot2", "ReadingSlot2\ReadingSlot2.vcxproj", "{74751D7D-D9F6-485F-A561-B5E645EF7CCE}"
EndProject
Project("{8BC9CEB8-8B4A-11D0-8D11-00A0C91BC942}") = "WritingSlot", "WritingSlot\WritingSlot.vcxproj", "{6FC9A648-6DF0-4BFA-96FC-559EDD291999}"
EndProject
Project("{8BC9CEB8-8B4A-11D0-8D11-00A0C91BC942}") = "InterfaceTest", "InterfaceTest\InterfaceTest.vcxproj", "{2A79B0E5-A276-4CBA-9E50-88102CAA4469}"
EndProject
Project("{8BC9CEB8-8B4A-11D0-8D11-00A0C91BC942}") = "udpSlave", "udpSlave\udpSlave.vcxproj", "{7A4A457F-BD6A-4716-9C4F-6B62D1D33241}"
EndProject
Project("{8BC9CEB8-8B4A-11D0-8D11-00A0C91BC942}") = "udpMaster", "udpMaster\udpMaster.vcxproj", "{0D7600E1-A5F4-4357-9680-79B249685BF2}"
EndProject
Project("{8BC9CEB8-8B4A-11D0-8D11-00A0C91BC942}") = "random", "random\random.vcxproj", "{6401D280-AAFE-44FA-BF78-A57BD1A20AB1}"
EndProject
Project("{8BC9CEB8-8B4A-11D0-8D11-00A0C91BC942}") = "mouseTip", "mouseTip\mouseTip.vcxproj", "{C4C35785-C806-422F-B2DF-51EC9DDD22B7}"
EndProject
Project("{8BC9CEB8-8B4A-11D0-8D11-00A0C91BC942}") = "ConsoleMouse", "ConsoleMouse\ConsoleMouse.vcxproj", "{E0772CB4-91CB-4496-A01D-AE05F13AE177}"
EndProject
Project("{8BC9CEB8-8B4A-11D0-8D11-00A0C91BC942}") = "Quote", "Quote\Quote.vcxproj", "{37699F63-73A7-423A-A524-759584C19362}"
EndProject
Project("{8BC9CEB8-8B4A-11D0-8D11-00A0C91BC942}") = "listProcess", "ConsoleApplication1\ConsoleApplication1.vcxproj", "{9434496C-31E4-4CE8-AB92-51D6C6C6EC38}"
EndProject
Project("{8BC9CEB8-8B4A-11D0-8D11-00A0C91BC942}") = "IPCGenerator", "IPCGenerator\IPCGenerator.vcxproj", "{500FB980-DF01-4315-A99C-8B15CD026FF3}"
EndProject
Project("{8BC9CEB8-8B4A-11D0-8D11-00A0C91BC942}") = "ReadWriteConfigFile", "ReadWriteConfigFile\ReadWriteConfigFile.vcxproj", "{8A48513C-A1A0-4C40-B508-3EADB8A70F92}"
EndProject
Global
	GlobalSection(SolutionConfigurationPlatforms) = preSolution
		Debug|Mixed Platforms = Debug|Mixed Platforms
		Debug|Win32 = Debug|Win32
		Debug|x64 = Debug|x64
		Release|Mixed Platforms = Release|Mixed Platforms
		Release|Win32 = Release|Win32
		Release|x64 = Release|x64
	EndGlobalSection
	GlobalSection(ProjectConfigurationPlatforms) = postSolution
		{4319E739-E9AA-4BE8-864B-66ED84811224}.Debug|Mixed Platforms.ActiveCfg = Debug|Win32
		{4319E739-E9AA-4BE8-864B-66ED84811224}.Debug|Mixed Platforms.Build.0 = Debug|Win32
		{4319E739-E9AA-4BE8-864B-66ED84811224}.Debug|Win32.ActiveCfg = Debug|Win32
		{4319E739-E9AA-4BE8-864B-66ED84811224}.Debug|Win32.Build.0 = Debug|Win32
		{4319E739-E9AA-4BE8-864B-66ED84811224}.Debug|x64.ActiveCfg = Debug|Win32
		{4319E739-E9AA-4BE8-864B-66ED84811224}.Release|Mixed Platforms.ActiveCfg = Release|Win32
		{4319E739-E9AA-4BE8-864B-66ED84811224}.Release|Mixed Platforms.Build.0 = Release|Win32
		{4319E739-E9AA-4BE8-864B-66ED84811224}.Release|Win32.ActiveCfg = Release|Win32
		{4319E739-E9AA-4BE8-864B-66ED84811224}.Release|Win32.Build.0 = Release|Win32
		{4319E739-E9AA-4BE8-864B-66ED84811224}.Release|x64.ActiveCfg = Release|Win32
		{129A2002-0006-4F87-96F3-6307370E0511}.Debug|Mixed Platforms.ActiveCfg = Debug|Win32
		{129A2002-0006-4F87-96F3-6307370E0511}.Debug|Mixed Platforms.Build.0 = Debug|Win32
		{129A2002-0006-4F87-96F3-6307370E0511}.Debug|Win32.ActiveCfg = Debug|Win32
		{129A2002-0006-4F87-96F3-6307370E0511}.Debug|Win32.Build.0 = Debug|Win32
		{129A2002-0006-4F87-96F3-6307370E0511}.Debug|x64.ActiveCfg = Debug|Win32
		{129A2002-0006-4F87-96F3-6307370E0511}.Release|Mixed Platforms.ActiveCfg = Release|Win32
		{129A2002-0006-4F87-96F3-6307370E0511}.Release|Mixed Platforms.Build.0 = Release|Win32
		{129A2002-0006-4F87-96F3-6307370E0511}.Release|Win32.ActiveCfg = Release|Win32
		{129A2002-0006-4F87-96F3-6307370E0511}.Release|Win32.Build.0 = Release|Win32
		{129A2002-0006-4F87-96F3-6307370E0511}.Release|x64.ActiveCfg = Release|Win32
		{DE34893E-B480-426B-8780-FF8530D326E6}.Debug|Mixed Platforms.ActiveCfg = Debug|Win32
		{DE34893E-B480-426B-8780-FF8530D326E6}.Debug|Mixed Platforms.Build.0 = Debug|Win32
		{DE34893E-B480-426B-8780-FF8530D326E6}.Debug|Win32.ActiveCfg = Debug|Win32
		{DE34893E-B480-426B-8780-FF8530D326E6}.Debug|Win32.Build.0 = Debug|Win32
		{DE34893E-B480-426B-8780-FF8530D326E6}.Debug|x64.ActiveCfg = Debug|Win32
		{DE34893E-B480-426B-8780-FF8530D326E6}.Release|Mixed Platforms.ActiveCfg = Release|Win32
		{DE34893E-B480-426B-8780-FF8530D326E6}.Release|Mixed Platforms.Build.0 = Release|Win32
		{DE34893E-B480-426B-8780-FF8530D326E6}.Release|Win32.ActiveCfg = Release|Win32
		{DE34893E-B480-426B-8780-FF8530D326E6}.Release|Win32.Build.0 = Release|Win32
		{DE34893E-B480-426B-8780-FF8530D326E6}.Release|x64.ActiveCfg = Release|Win32
		{74751D7D-D9F6-485F-A561-B5E645EF7CCE}.Debug|Mixed Platforms.ActiveCfg = Debug|Win32
		{74751D7D-D9F6-485F-A561-B5E645EF7CCE}.Debug|Mixed Platforms.Build.0 = Debug|Win32
		{74751D7D-D9F6-485F-A561-B5E645EF7CCE}.Debug|Win32.ActiveCfg = Debug|Win32
		{74751D7D-D9F6-485F-A561-B5E645EF7CCE}.Debug|Win32.Build.0 = Debug|Win32
		{74751D7D-D9F6-485F-A561-B5E645EF7CCE}.Debug|x64.ActiveCfg = Debug|Win32
		{74751D7D-D9F6-485F-A561-B5E645EF7CCE}.Release|Mixed Platforms.ActiveCfg = Release|Win32
		{74751D7D-D9F6-485F-A561-B5E645EF7CCE}.Release|Mixed Platforms.Build.0 = Release|Win32
		{74751D7D-D9F6-485F-A561-B5E645EF7CCE}.Release|Win32.ActiveCfg = Release|Win32
		{74751D7D-D9F6-485F-A561-B5E645EF7CCE}.Release|Win32.Build.0 = Release|Win32
		{74751D7D-D9F6-485F-A561-B5E645EF7CCE}.Release|x64.ActiveCfg = Release|Win32
		{6FC9A648-6DF0-4BFA-96FC-559EDD291999}.Debug|Mixed Platforms.ActiveCfg = Debug|Win32
		{6FC9A648-6DF0-4BFA-96FC-559EDD291999}.Debug|Mixed Platforms.Build.0 = Debug|Win32
		{6FC9A648-6DF0-4BFA-96FC-559EDD291999}.Debug|Win32.ActiveCfg = Debug|Win32
		{6FC9A648-6DF0-4BFA-96FC-559EDD291999}.Debug|Win32.Build.0 = Debug|Win32
		{6FC9A648-6DF0-4BFA-96FC-559EDD291999}.Debug|x64.ActiveCfg = Debug|Win32
		{6FC9A648-6DF0-4BFA-96FC-559EDD291999}.Release|Mixed Platforms.ActiveCfg = Release|Win32
		{6FC9A648-6DF0-4BFA-96FC-559EDD291999}.Release|Mixed Platforms.Build.0 = Release|Win32
		{6FC9A648-6DF0-4BFA-96FC-559EDD291999}.Release|Win32.ActiveCfg = Release|Win32
		{6FC9A648-6DF0-4BFA-96FC-559EDD291999}.Release|Win32.Build.0 = Release|Win32
		{6FC9A648-6DF0-4BFA-96FC-559EDD291999}.Release|x64.ActiveCfg = Release|Win32
		{2A79B0E5-A276-4CBA-9E50-88102CAA4469}.Debug|Mixed Platforms.ActiveCfg = Debug|Win32
		{2A79B0E5-A276-4CBA-9E50-88102CAA4469}.Debug|Mixed Platforms.Build.0 = Debug|Win32
		{2A79B0E5-A276-4CBA-9E50-88102CAA4469}.Debug|Win32.ActiveCfg = Debug|Win32
		{2A79B0E5-A276-4CBA-9E50-88102CAA4469}.Debug|Win32.Build.0 = Debug|Win32
		{2A79B0E5-A276-4CBA-9E50-88102CAA4469}.Debug|x64.ActiveCfg = Debug|Win32
		{2A79B0E5-A276-4CBA-9E50-88102CAA4469}.Release|Mixed Platforms.ActiveCfg = Release|Win32
		{2A79B0E5-A276-4CBA-9E50-88102CAA4469}.Release|Mixed Platforms.Build.0 = Release|Win32
		{2A79B0E5-A276-4CBA-9E50-88102CAA4469}.Release|Win32.ActiveCfg = Release|Win32
		{2A79B0E5-A276-4CBA-9E50-88102CAA4469}.Release|Win32.Build.0 = Release|Win32
		{2A79B0E5-A276-4CBA-9E50-88102CAA4469}.Release|x64.ActiveCfg = Release|Win32
		{7A4A457F-BD6A-4716-9C4F-6B62D1D33241}.Debug|Mixed Platforms.ActiveCfg = Debug|Win32
		{7A4A457F-BD6A-4716-9C4F-6B62D1D33241}.Debug|Mixed Platforms.Build.0 = Debug|Win32
		{7A4A457F-BD6A-4716-9C4F-6B62D1D33241}.Debug|Win32.ActiveCfg = Debug|Win32
		{7A4A457F-BD6A-4716-9C4F-6B62D1D33241}.Debug|Win32.Build.0 = Debug|Win32
		{7A4A457F-BD6A-4716-9C4F-6B62D1D33241}.Debug|x64.ActiveCfg = Debug|Win32
		{7A4A457F-BD6A-4716-9C4F-6B62D1D33241}.Release|Mixed Platforms.ActiveCfg = Release|Win32
		{7A4A457F-BD6A-4716-9C4F-6B62D1D33241}.Release|Mixed Platforms.Build.0 = Release|Win32
		{7A4A457F-BD6A-4716-9C4F-6B62D1D33241}.Release|Win32.ActiveCfg = Release|Win32
		{7A4A457F-BD6A-4716-9C4F-6B62D1D33241}.Release|Win32.Build.0 = Release|Win32
		{7A4A457F-BD6A-4716-9C4F-6B62D1D33241}.Release|x64.ActiveCfg = Release|Win32
		{0D7600E1-A5F4-4357-9680-79B249685BF2}.Debug|Mixed Platforms.ActiveCfg = Debug|Win32
		{0D7600E1-A5F4-4357-9680-79B249685BF2}.Debug|Mixed Platforms.Build.0 = Debug|Win32
		{0D7600E1-A5F4-4357-9680-79B249685BF2}.Debug|Win32.ActiveCfg = Debug|Win32
		{0D7600E1-A5F4-4357-9680-79B249685BF2}.Debug|Win32.Build.0 = Debug|Win32
		{0D7600E1-A5F4-4357-9680-79B249685BF2}.Debug|x64.ActiveCfg = Debug|Win32
		{0D7600E1-A5F4-4357-9680-79B249685BF2}.Release|Mixed Platforms.ActiveCfg = Release|Win32
		{0D7600E1-A5F4-4357-9680-79B249685BF2}.Release|Mixed Platforms.Build.0 = Release|Win32
		{0D7600E1-A5F4-4357-9680-79B249685BF2}.Release|Win32.ActiveCfg = Release|Win32
		{0D7600E1-A5F4-4357-9680-79B249685BF2}.Release|Win32.Build.0 = Release|Win32
		{0D7600E1-A5F4-4357-9680-79B249685BF2}.Release|x64.ActiveCfg = Release|Win32
		{6401D280-AAFE-44FA-BF78-A57BD1A20AB1}.Debug|Mixed Platforms.ActiveCfg = Debug|Win32
		{6401D280-AAFE-44FA-BF78-A57BD1A20AB1}.Debug|Mixed Platforms.Build.0 = Debug|Win32
		{6401D280-AAFE-44FA-BF78-A57BD1A20AB1}.Debug|Win32.ActiveCfg = Debug|Win32
		{6401D280-AAFE-44FA-BF78-A57BD1A20AB1}.Debug|Win32.Build.0 = Debug|Win32
		{6401D280-AAFE-44FA-BF78-A57BD1A20AB1}.Debug|x64.ActiveCfg = Debug|x64
		{6401D280-AAFE-44FA-BF78-A57BD1A20AB1}.Debug|x64.Build.0 = Debug|x64
		{6401D280-AAFE-44FA-BF78-A57BD1A20AB1}.Release|Mixed Platforms.ActiveCfg = Release|Win32
		{6401D280-AAFE-44FA-BF78-A57BD1A20AB1}.Release|Mixed Platforms.Build.0 = Release|Win32
		{6401D280-AAFE-44FA-BF78-A57BD1A20AB1}.Release|Win32.ActiveCfg = Release|Win32
		{6401D280-AAFE-44FA-BF78-A57BD1A20AB1}.Release|Win32.Build.0 = Release|Win32
		{6401D280-AAFE-44FA-BF78-A57BD1A20AB1}.Release|x64.ActiveCfg = Release|x64
		{6401D280-AAFE-44FA-BF78-A57BD1A20AB1}.Release|x64.Build.0 = Release|x64
		{C4C35785-C806-422F-B2DF-51EC9DDD22B7}.Debug|Mixed Platforms.ActiveCfg = Debug|Win32
		{C4C35785-C806-422F-B2DF-51EC9DDD22B7}.Debug|Mixed Platforms.Build.0 = Debug|Win32
		{C4C35785-C806-422F-B2DF-51EC9DDD22B7}.Debug|Win32.ActiveCfg = Debug|Win32
		{C4C35785-C806-422F-B2DF-51EC9DDD22B7}.Debug|Win32.Build.0 = Debug|Win32
		{C4C35785-C806-422F-B2DF-51EC9DDD22B7}.Debug|x64.ActiveCfg = Debug|Win32
		{C4C35785-C806-422F-B2DF-51EC9DDD22B7}.Release|Mixed Platforms.ActiveCfg = Release|Win32
		{C4C35785-C806-422F-B2DF-51EC9DDD22B7}.Release|Mixed Platforms.Build.0 = Release|Win32
		{C4C35785-C806-422F-B2DF-51EC9DDD22B7}.Release|Win32.ActiveCfg = Release|Win32
		{C4C35785-C806-422F-B2DF-51EC9DDD22B7}.Release|Win32.Build.0 = Release|Win32
		{C4C35785-C806-422F-B2DF-51EC9DDD22B7}.Release|x64.ActiveCfg = Release|Win32
		{E0772CB4-91CB-4496-A01D-AE05F13AE177}.Debug|Mixed Platforms.ActiveCfg = Debug|Win32
		{E0772CB4-91CB-4496-A01D-AE05F13AE177}.Debug|Mixed Platforms.Build.0 = Debug|Win32
		{E0772CB4-91CB-4496-A01D-AE05F13AE177}.Debug|Win32.ActiveCfg = Debug|Win32
		{E0772CB4-91CB-4496-A01D-AE05F13AE177}.Debug|Win32.Build.0 = Debug|Win32
		{E0772CB4-91CB-4496-A01D-AE05F13AE177}.Debug|x64.ActiveCfg = Debug|Win32
		{E0772CB4-91CB-4496-A01D-AE05F13AE177}.Release|Mixed Platforms.ActiveCfg = Release|Win32
		{E0772CB4-91CB-4496-A01D-AE05F13AE177}.Release|Mixed Platforms.Build.0 = Release|Win32
		{E0772CB4-91CB-4496-A01D-AE05F13AE177}.Release|Win32.ActiveCfg = Release|Win32
		{E0772CB4-91CB-4496-A01D-AE05F13AE177}.Release|Win32.Build.0 = Release|Win32
		{E0772CB4-91CB-4496-A01D-AE05F13AE177}.Release|x64.ActiveCfg = Release|Win32
		{37699F63-73A7-423A-A524-759584C19362}.Debug|Mixed Platforms.ActiveCfg = Debug|Win32
		{37699F63-73A7-423A-A524-759584C19362}.Debug|Mixed Platforms.Build.0 = Debug|Win32
		{37699F63-73A7-423A-A524-759584C19362}.Debug|Win32.ActiveCfg = Debug|Win32
		{37699F63-73A7-423A-A524-759584C19362}.Debug|Win32.Build.0 = Debug|Win32
		{37699F63-73A7-423A-A524-759584C19362}.Debug|x64.ActiveCfg = Debug|Win32
		{37699F63-73A7-423A-A524-759584C19362}.Release|Mixed Platforms.ActiveCfg = Release|Win32
		{37699F63-73A7-423A-A524-759584C19362}.Release|Mixed Platforms.Build.0 = Release|Win32
		{37699F63-73A7-423A-A524-759584C19362}.Release|Win32.ActiveCfg = Release|Win32
		{37699F63-73A7-423A-A524-759584C19362}.Release|Win32.Build.0 = Release|Win32
		{37699F63-73A7-423A-A524-759584C19362}.Release|x64.ActiveCfg = Release|Win32
		{9434496C-31E4-4CE8-AB92-51D6C6C6EC38}.Debug|Mixed Platforms.ActiveCfg = Debug|Win32
		{9434496C-31E4-4CE8-AB92-51D6C6C6EC38}.Debug|Mixed Platforms.Build.0 = Debug|Win32
		{9434496C-31E4-4CE8-AB92-51D6C6C6EC38}.Debug|Win32.ActiveCfg = Debug|Win32
		{9434496C-31E4-4CE8-AB92-51D6C6C6EC38}.Debug|Win32.Build.0 = Debug|Win32
		{9434496C-31E4-4CE8-AB92-51D6C6C6EC38}.Debug|x64.ActiveCfg = Debug|Win32
		{9434496C-31E4-4CE8-AB92-51D6C6C6EC38}.Release|Mixed Platforms.ActiveCfg = Release|Win32
		{9434496C-31E4-4CE8-AB92-51D6C6C6EC38}.Release|Mixed Platforms.Build.0 = Release|Win32
		{9434496C-31E4-4CE8-AB92-51D6C6C6EC38}.Release|Win32.ActiveCfg = Release|Win32
		{9434496C-31E4-4CE8-AB92-51D6C6C6EC38}.Release|Win32.Build.0 = Release|Win32
		{9434496C-31E4-4CE8-AB92-51D6C6C6EC38}.Release|x64.ActiveCfg = Release|Win32
		{500FB980-DF01-4315-A99C-8B15CD026FF3}.Debug|Mixed Platforms.ActiveCfg = Debug|Win32
		{500FB980-DF01-4315-A99C-8B15CD026FF3}.Debug|Mixed Platforms.Build.0 = Debug|Win32
		{500FB980-DF01-4315-A99C-8B15CD026FF3}.Debug|Win32.ActiveCfg = Debug|Win32
		{500FB980-DF01-4315-A99C-8B15CD026FF3}.Debug|Win32.Build.0 = Debug|Win32
		{500FB980-DF01-4315-A99C-8B15CD026FF3}.Debug|x64.ActiveCfg = Debug|Win32
		{500FB980-DF01-4315-A99C-8B15CD026FF3}.Release|Mixed Platforms.ActiveCfg = Release|Win32
		{500FB980-DF01-4315-A99C-8B15CD026FF3}.Release|Mixed Platforms.Build.0 = Release|Win32
		{500FB980-DF01-4315-A99C-8B15CD026FF3}.Release|Win32.ActiveCfg = Release|Win32
		{500FB980-DF01-4315-A99C-8B15CD026FF3}.Release|Win32.Build.0 = Release|Win32
		{500FB980-DF01-4315-A99C-8B15CD026FF3}.Release|x64.ActiveCfg = Release|Win32
		{8A48513C-A1A0-4C40-B508-3EADB8A70F92}.Debug|Mixed Platforms.ActiveCfg = Debug|Win32
		{8A48513C-A1A0-4C40-B508-3EADB8A70F92}.Debug|Mixed Platforms.Build.0 = Debug|Win32
		{8A48513C-A1A0-4C40-B508-3EADB8A70F92}.Debug|Win32.ActiveCfg = Debug|Win32
		{8A48513C-A1A0-4C40-B508-3EADB8A70F92}.Debug|Win32.Build.0 = Debug|Win32
		{8A48513C-A1A0-4C40-B508-3EADB8A70F92}.Debug|x64.ActiveCfg = Debug|Win32
		{8A48513C-A1A0-4C40-B508-3EADB8A70F92}.Release|Mixed Platforms.ActiveCfg = Release|Win32
		{8A48513C-A1A0-4C40-B508-3EADB8A70F92}.Release|Mixed Platforms.Build.0 = Release|Win32
		{8A48513C-A1A0-4C40-B508-3EADB8A70F92}.Release|Win32.ActiveCfg = Release|Win32
		{8A48513C-A1A0-4C40-B508-3EADB8A70F92}.Release|Win32.Build.0 = Release|Win32
		{8A48513C-A1A0-4C40-B508-3EADB8A70F92}.Release|x64.ActiveCfg = Release|Win32
	EndGlobalSection
	GlobalSection(SolutionProperties) = preSolution
		HideSolutionNode = FALSE
	EndGlobalSection
EndGlobal
